PODS:
  - Alamofire (5.0.5)
  - AlamofireImage (4.0.3):
    - Alamofire (< 6.0.0, >= 5.0.2)

DEPENDENCIES:
  - Alamofire (~> 5.0.0-rc.3)
  - AlamofireImage (~> 4.0.0-beta.6)

SPEC REPOS:
  trunk:
    - Alamofire
    - AlamofireImage

SPEC CHECKSUMS:
  Alamofire: df2f8f826963b08b9a870791ad48e07a10090b2e
  AlamofireImage: 3d1a2010519e58675318735580eb856e88840ff7

PODFILE CHECKSUM: 2e487bbce1d5ba5a4c3ccfc6f08244da206db173

COCOAPODS: 1.8.4
